
Microsoft Visual Studio Solution File, Format Version 12.00
# Visual Studio Version 16
VisualStudioVersion = 16.0.30804.86
MinimumVisualStudioVersion = 10.0.40219.1
Project("{FAE04EC0-301F-11D3-BF4B-00C04F79EFBC}") = "ClassMetotDemo", "ClassMetotDemo\ClassMetotDemo.csproj", "{73B898DA-1A17-4D92-BD4A-03D46F0F704C}"
EndProject
Global
	GlobalSection(SolutionConfigurationPlatforms) = preSolution
		Debug|Any CPU = Debug|Any CPU
		Release|Any CPU = Release|Any CPU
	EndGlobalSection
	GlobalSection(ProjectConfigurationPlatforms) = postSolution
		{73B898DA-1A17-4D92-BD4A-03D46F0F704C}.Debug|Any CPU.ActiveCfg = Debug|Any CPU
		{73B898DA-1A17-4D92-BD4A-03D46F0F704C}.Debug|Any CPU.Build.0 = Debug|Any CPU
		{73B898DA-1A17-4D92-BD4A-03D46F0F704C}.Release|Any CPU.ActiveCfg = Release|Any CPU
		{73B898DA-1A17-4D92-BD4A-03D46F0F704C}.Release|Any CPU.Build.0 = Release|Any CPU
	EndGlobalSection
	GlobalSection(SolutionProperties) = preSolution
		HideSolutionNode = FALSE
	EndGlobalSection
	GlobalSection(ExtensibilityGlobals) = postSolution
		SolutionGuid = {45445FAA-DF2A-4933-8E2C-14F207448050}
	EndGlobalSection
EndGlobal
